
Microsoft Visual Studio Solution File, Format Version 12.00
# Visual Studio 15
VisualStudioVersion = 15.0.26124.0
MinimumVisualStudioVersion = 15.0.26124.0
Project("{2150E333-8FDC-42A3-9474-1A3956D46DE8}") = "src", "src", "{E232C14B-A414-49F2-99A6-F1D0AED838D6}"
EndProject
Project("{9A19103F-16F7-4668-BE54-9A1E7A4F7556}") = "Actio.Api", "src\Actio.Api\Actio.Api.csproj", "{23676DC4-C292-4D8F-8D6B-A5FA81AA9F92}"
EndProject
Project("{9A19103F-16F7-4668-BE54-9A1E7A4F7556}") = "Actio.Common", "src\Actio.Common\Actio.Common.csproj", "{18848181-74DC-4BA0-A169-B696514B6C83}"
EndProject
Project("{9A19103F-16F7-4668-BE54-9A1E7A4F7556}") = "Actio.Services.Activities", "src\Actio.Services.Activities\Actio.Services.Activities.csproj", "{A83D96B5-EB2F-45C7-BB1F-747B31A7592E}"
EndProject
Project("{9A19103F-16F7-4668-BE54-9A1E7A4F7556}") = "Actio.Services.Identity", "src\Actio.Services.Identity\Actio.Services.Identity.csproj", "{56822748-038E-4764-B4B7-BC22A9B8BBD1}"
EndProject
Project("{9A19103F-16F7-4668-BE54-9A1E7A4F7556}") = "Actio.Services.Identity.Tests", "src\Actio.Services.Identity.Tests\Actio.Services.Identity.Tests.csproj", "{32DC457A-E6C1-4B2E-8E0B-6B47997508CF}"
EndProject
Project("{9A19103F-16F7-4668-BE54-9A1E7A4F7556}") = "Actio.Api.Tests", "src\Actio.Api.Tests\Actio.Api.Tests.csproj", "{2C586927-39E4-4224-A0C6-2D2005CCD4E2}"
EndProject
Project("{9A19103F-16F7-4668-BE54-9A1E7A4F7556}") = "Actio.Services.Activities.Tests", "src\Actio.Services.Activities.Tests\Actio.Services.Activities.Tests.csproj", "{E81309C2-59FD-472D-89FC-5D66DC577FE0}"
EndProject
Project("{2150E333-8FDC-42A3-9474-1A3956D46DE8}") = "scripts", "scripts", "{BAD7FB7C-0A3C-4F98-86E8-2D382553E55C}"
	ProjectSection(SolutionItems) = preProject
		docker-compose.yaml = docker-compose.yaml
		Dockerfile-activities = Dockerfile-activities
		Dockerfile-api = Dockerfile-api
		Dockerfile-identity = Dockerfile-identity
	EndProjectSection
EndProject
Project("{2150E333-8FDC-42A3-9474-1A3956D46DE8}") = "Powershell", "Powershell", "{32F92330-98F9-48D5-9A67-C9A052864114}"
	ProjectSection(SolutionItems) = preProject
		scripts\Powershell\Actio.Api.ps1 = scripts\Powershell\Actio.Api.ps1
		scripts\Powershell\Actio.Services.Activities.ps1 = scripts\Powershell\Actio.Services.Activities.ps1
		scripts\Powershell\Actio.Services.Identity.ps1 = scripts\Powershell\Actio.Services.Identity.ps1
		scripts\Powershell\Docker clean.ps1 = scripts\Powershell\Docker clean.ps1
		scripts\Powershell\MongoDB.ps1 = scripts\Powershell\MongoDB.ps1
		scripts\Powershell\RabbitMQ.ps1 = scripts\Powershell\RabbitMQ.ps1
		scripts\Powershell\Startup.ps1 = scripts\Powershell\Startup.ps1
	EndProjectSection
EndProject
Project("{2150E333-8FDC-42A3-9474-1A3956D46DE8}") = "tools", "tools", "{3BC87DA7-E8D9-4275-AFD8-CE688457A540}"
EndProject
Project("{911E67C6-3D85-4FCE-B560-20A9C3E3FF48}") = "HyperVSwitch", "tools\HyperVSwitch.exe", "{F8684DB6-3E88-4A11-B0F0-140FB0F8CA1C}"
	ProjectSection(DebuggerProjectSystem) = preProject
		PortSupplier = 00000000-0000-0000-0000-000000000000
		Executable = C:\Users\jspar\Source\Repos\micro-test-system\sandBoxes\JS\tools\HyperVSwitch.exe
		RemoteMachine = DESKTOP
		StartingDirectory = C:\Users\jspar\Source\Repos\micro-test-system\sandBoxes\JS\tools
		Environment = Default
		LaunchingEngine = 00000000-0000-0000-0000-000000000000
		UseLegacyDebugEngines = No
		LaunchSQLEngine = No
		AttachLaunchAction = No
	EndProjectSection
EndProject
Project("{2150E333-8FDC-42A3-9474-1A3956D46DE8}") = "Documents", "Documents", "{096C9A44-E148-455C-956F-EF9CE4B0EE9A}"
	ProjectSection(SolutionItems) = preProject
		README.md = README.md
	EndProjectSection
EndProject
Global
	GlobalSection(SolutionConfigurationPlatforms) = preSolution
		Debug|Any CPU = Debug|Any CPU
		Debug|x64 = Debug|x64
		Debug|x86 = Debug|x86
		Release|Any CPU = Release|Any CPU
		Release|x64 = Release|x64
		Release|x86 = Release|x86
	EndGlobalSection
	GlobalSection(ProjectConfigurationPlatforms) = postSolution
		{23676DC4-C292-4D8F-8D6B-A5FA81AA9F92}.Debug|Any CPU.ActiveCfg = Debug|Any CPU
		{23676DC4-C292-4D8F-8D6B-A5FA81AA9F92}.Debug|Any CPU.Build.0 = Debug|Any CPU
		{23676DC4-C292-4D8F-8D6B-A5FA81AA9F92}.Debug|x64.ActiveCfg = Debug|Any CPU
		{23676DC4-C292-4D8F-8D6B-A5FA81AA9F92}.Debug|x64.Build.0 = Debug|Any CPU
		{23676DC4-C292-4D8F-8D6B-A5FA81AA9F92}.Debug|x86.ActiveCfg = Debug|Any CPU
		{23676DC4-C292-4D8F-8D6B-A5FA81AA9F92}.Debug|x86.Build.0 = Debug|Any CPU
		{23676DC4-C292-4D8F-8D6B-A5FA81AA9F92}.Release|Any CPU.ActiveCfg = Release|Any CPU
		{23676DC4-C292-4D8F-8D6B-A5FA81AA9F92}.Release|Any CPU.Build.0 = Release|Any CPU
		{23676DC4-C292-4D8F-8D6B-A5FA81AA9F92}.Release|x64.ActiveCfg = Release|Any CPU
		{23676DC4-C292-4D8F-8D6B-A5FA81AA9F92}.Release|x64.Build.0 = Release|Any CPU
		{23676DC4-C292-4D8F-8D6B-A5FA81AA9F92}.Release|x86.ActiveCfg = Release|Any CPU
		{23676DC4-C292-4D8F-8D6B-A5FA81AA9F92}.Release|x86.Build.0 = Release|Any CPU
		{18848181-74DC-4BA0-A169-B696514B6C83}.Debug|Any CPU.ActiveCfg = Debug|Any CPU
		{18848181-74DC-4BA0-A169-B696514B6C83}.Debug|Any CPU.Build.0 = Debug|Any CPU
		{18848181-74DC-4BA0-A169-B696514B6C83}.Debug|x64.ActiveCfg = Debug|Any CPU
		{18848181-74DC-4BA0-A169-B696514B6C83}.Debug|x64.Build.0 = Debug|Any CPU
		{18848181-74DC-4BA0-A169-B696514B6C83}.Debug|x86.ActiveCfg = Debug|Any CPU
		{18848181-74DC-4BA0-A169-B696514B6C83}.Debug|x86.Build.0 = Debug|Any CPU
		{18848181-74DC-4BA0-A169-B696514B6C83}.Release|Any CPU.ActiveCfg = Release|Any CPU
		{18848181-74DC-4BA0-A169-B696514B6C83}.Release|Any CPU.Build.0 = Release|Any CPU
		{18848181-74DC-4BA0-A169-B696514B6C83}.Release|x64.ActiveCfg = Release|Any CPU
		{18848181-74DC-4BA0-A169-B696514B6C83}.Release|x64.Build.0 = Release|Any CPU
		{18848181-74DC-4BA0-A169-B696514B6C83}.Release|x86.ActiveCfg = Release|Any CPU
		{18848181-74DC-4BA0-A169-B696514B6C83}.Release|x86.Build.0 = Release|Any CPU
		{A83D96B5-EB2F-45C7-BB1F-747B31A7592E}.Debug|Any CPU.ActiveCfg = Debug|Any CPU
		{A83D96B5-EB2F-45C7-BB1F-747B31A7592E}.Debug|Any CPU.Build.0 = Debug|Any CPU
		{A83D96B5-EB2F-45C7-BB1F-747B31A7592E}.Debug|x64.ActiveCfg = Debug|Any CPU
		{A83D96B5-EB2F-45C7-BB1F-747B31A7592E}.Debug|x64.Build.0 = Debug|Any CPU
		{A83D96B5-EB2F-45C7-BB1F-747B31A7592E}.Debug|x86.ActiveCfg = Debug|Any CPU
		{A83D96B5-EB2F-45C7-BB1F-747B31A7592E}.Debug|x86.Build.0 = Debug|Any CPU
		{A83D96B5-EB2F-45C7-BB1F-747B31A7592E}.Release|Any CPU.ActiveCfg = Release|Any CPU
		{A83D96B5-EB2F-45C7-BB1F-747B31A7592E}.Release|Any CPU.Build.0 = Release|Any CPU
		{A83D96B5-EB2F-45C7-BB1F-747B31A7592E}.Release|x64.ActiveCfg = Release|Any CPU
		{A83D96B5-EB2F-45C7-BB1F-747B31A7592E}.Release|x64.Build.0 = Release|Any CPU
		{A83D96B5-EB2F-45C7-BB1F-747B31A7592E}.Release|x86.ActiveCfg = Release|Any CPU
		{A83D96B5-EB2F-45C7-BB1F-747B31A7592E}.Release|x86.Build.0 = Release|Any CPU
		{56822748-038E-4764-B4B7-BC22A9B8BBD1}.Debug|Any CPU.ActiveCfg = Debug|Any CPU
		{56822748-038E-4764-B4B7-BC22A9B8BBD1}.Debug|Any CPU.Build.0 = Debug|Any CPU
		{56822748-038E-4764-B4B7-BC22A9B8BBD1}.Debug|x64.ActiveCfg = Debug|Any CPU
		{56822748-038E-4764-B4B7-BC22A9B8BBD1}.Debug|x64.Build.0 = Debug|Any CPU
		{56822748-038E-4764-B4B7-BC22A9B8BBD1}.Debug|x86.ActiveCfg = Debug|Any CPU
		{56822748-038E-4764-B4B7-BC22A9B8BBD1}.Debug|x86.Build.0 = Debug|Any CPU
		{56822748-038E-4764-B4B7-BC22A9B8BBD1}.Release|Any CPU.ActiveCfg = Release|Any CPU
		{56822748-038E-4764-B4B7-BC22A9B8BBD1}.Release|Any CPU.Build.0 = Release|Any CPU
		{56822748-038E-4764-B4B7-BC22A9B8BBD1}.Release|x64.ActiveCfg = Release|Any CPU
		{56822748-038E-4764-B4B7-BC22A9B8BBD1}.Release|x64.Build.0 = Release|Any CPU
		{56822748-038E-4764-B4B7-BC22A9B8BBD1}.Release|x86.ActiveCfg = Release|Any CPU
		{56822748-038E-4764-B4B7-BC22A9B8BBD1}.Release|x86.Build.0 = Release|Any CPU
		{32DC457A-E6C1-4B2E-8E0B-6B47997508CF}.Debug|Any CPU.ActiveCfg = Debug|Any CPU
		{32DC457A-E6C1-4B2E-8E0B-6B47997508CF}.Debug|Any CPU.Build.0 = Debug|Any CPU
		{32DC457A-E6C1-4B2E-8E0B-6B47997508CF}.Debug|x64.ActiveCfg = Debug|Any CPU
		{32DC457A-E6C1-4B2E-8E0B-6B47997508CF}.Debug|x64.Build.0 = Debug|Any CPU
		{32DC457A-E6C1-4B2E-8E0B-6B47997508CF}.Debug|x86.ActiveCfg = Debug|Any CPU
		{32DC457A-E6C1-4B2E-8E0B-6B47997508CF}.Debug|x86.Build.0 = Debug|Any CPU
		{32DC457A-E6C1-4B2E-8E0B-6B47997508CF}.Release|Any CPU.ActiveCfg = Release|Any CPU
		{32DC457A-E6C1-4B2E-8E0B-6B47997508CF}.Release|Any CPU.Build.0 = Release|Any CPU
		{32DC457A-E6C1-4B2E-8E0B-6B47997508CF}.Release|x64.ActiveCfg = Release|Any CPU
		{32DC457A-E6C1-4B2E-8E0B-6B47997508CF}.Release|x64.Build.0 = Release|Any CPU
		{32DC457A-E6C1-4B2E-8E0B-6B47997508CF}.Release|x86.ActiveCfg = Release|Any CPU
		{32DC457A-E6C1-4B2E-8E0B-6B47997508CF}.Release|x86.Build.0 = Release|Any CPU
		{2C586927-39E4-4224-A0C6-2D2005CCD4E2}.Debug|Any CPU.ActiveCfg = Debug|Any CPU
		{2C586927-39E4-4224-A0C6-2D2005CCD4E2}.Debug|Any CPU.Build.0 = Debug|Any CPU
		{2C586927-39E4-4224-A0C6-2D2005CCD4E2}.Debug|x64.ActiveCfg = Debug|Any CPU
		{2C586927-39E4-4224-A0C6-2D2005CCD4E2}.Debug|x64.Build.0 = Debug|Any CPU
		{2C586927-39E4-4224-A0C6-2D2005CCD4E2}.Debug|x86.ActiveCfg = Debug|Any CPU
		{2C586927-39E4-4224-A0C6-2D2005CCD4E2}.Debug|x86.Build.0 = Debug|Any CPU
		{2C586927-39E4-4224-A0C6-2D2005CCD4E2}.Release|Any CPU.ActiveCfg = Release|Any CPU
		{2C586927-39E4-4224-A0C6-2D2005CCD4E2}.Release|Any CPU.Build.0 = Release|Any CPU
		{2C586927-39E4-4224-A0C6-2D2005CCD4E2}.Release|x64.ActiveCfg = Release|Any CPU
		{2C586927-39E4-4224-A0C6-2D2005CCD4E2}.Release|x64.Build.0 = Release|Any CPU
		{2C586927-39E4-4224-A0C6-2D2005CCD4E2}.Release|x86.ActiveCfg = Release|Any CPU
		{2C586927-39E4-4224-A0C6-2D2005CCD4E2}.Release|x86.Build.0 = Release|Any CPU
		{E81309C2-59FD-472D-89FC-5D66DC577FE0}.Debug|Any CPU.ActiveCfg = Debug|Any CPU
		{E81309C2-59FD-472D-89FC-5D66DC577FE0}.Debug|Any CPU.Build.0 = Debug|Any CPU
		{E81309C2-59FD-472D-89FC-5D66DC577FE0}.Debug|x64.ActiveCfg = Debug|Any CPU
		{E81309C2-59FD-472D-89FC-5D66DC577FE0}.Debug|x64.Build.0 = Debug|Any CPU
		{E81309C2-59FD-472D-89FC-5D66DC577FE0}.Debug|x86.ActiveCfg = Debug|Any CPU
		{E81309C2-59FD-472D-89FC-5D66DC577FE0}.Debug|x86.Build.0 = Debug|Any CPU
		{E81309C2-59FD-472D-89FC-5D66DC577FE0}.Release|Any CPU.ActiveCfg = Release|Any CPU
		{E81309C2-59FD-472D-89FC-5D66DC577FE0}.Release|Any CPU.Build.0 = Release|Any CPU
		{E81309C2-59FD-472D-89FC-5D66DC577FE0}.Release|x64.ActiveCfg = Release|Any CPU
		{E81309C2-59FD-472D-89FC-5D66DC577FE0}.Release|x64.Build.0 = Release|Any CPU
		{E81309C2-59FD-472D-89FC-5D66DC577FE0}.Release|x86.ActiveCfg = Release|Any CPU
		{E81309C2-59FD-472D-89FC-5D66DC577FE0}.Release|x86.Build.0 = Release|Any CPU
		{F8684DB6-3E88-4A11-B0F0-140FB0F8CA1C}.Debug|Any CPU.ActiveCfg = Release
		{F8684DB6-3E88-4A11-B0F0-140FB0F8CA1C}.Debug|x64.ActiveCfg = Release
		{F8684DB6-3E88-4A11-B0F0-140FB0F8CA1C}.Debug|x86.ActiveCfg = Release
		{F8684DB6-3E88-4A11-B0F0-140FB0F8CA1C}.Release|Any CPU.ActiveCfg = Release
		{F8684DB6-3E88-4A11-B0F0-140FB0F8CA1C}.Release|x64.ActiveCfg = Release
		{F8684DB6-3E88-4A11-B0F0-140FB0F8CA1C}.Release|x86.ActiveCfg = Release
	EndGlobalSection
	GlobalSection(SolutionProperties) = preSolution
		HideSolutionNode = FALSE
	EndGlobalSection
	GlobalSection(NestedProjects) = preSolution
		{23676DC4-C292-4D8F-8D6B-A5FA81AA9F92} = {E232C14B-A414-49F2-99A6-F1D0AED838D6}
		{18848181-74DC-4BA0-A169-B696514B6C83} = {E232C14B-A414-49F2-99A6-F1D0AED838D6}
		{A83D96B5-EB2F-45C7-BB1F-747B31A7592E} = {E232C14B-A414-49F2-99A6-F1D0AED838D6}
		{56822748-038E-4764-B4B7-BC22A9B8BBD1} = {E232C14B-A414-49F2-99A6-F1D0AED838D6}
		{32DC457A-E6C1-4B2E-8E0B-6B47997508CF} = {E232C14B-A414-49F2-99A6-F1D0AED838D6}
		{2C586927-39E4-4224-A0C6-2D2005CCD4E2} = {E232C14B-A414-49F2-99A6-F1D0AED838D6}
		{E81309C2-59FD-472D-89FC-5D66DC577FE0} = {E232C14B-A414-49F2-99A6-F1D0AED838D6}
		{32F92330-98F9-48D5-9A67-C9A052864114} = {BAD7FB7C-0A3C-4F98-86E8-2D382553E55C}
		{F8684DB6-3E88-4A11-B0F0-140FB0F8CA1C} = {3BC87DA7-E8D9-4275-AFD8-CE688457A540}
	EndGlobalSection
	GlobalSection(ExtensibilityGlobals) = postSolution
		SolutionGuid = {6591F2C2-DFBF-4F2B-9BC0-EBE6D031B955}
	EndGlobalSection
EndGlobal
